
Microsoft Visual Studio Solution File, Format Version 12.00
# Visual Studio Version 17
VisualStudioVersion = 17.8.34330.188
MinimumVisualStudioVersion = 10.0.40219.1
Project("{FAE04EC0-301F-11D3-BF4B-00C04F79EFBC}") = "MauiAppWebview", "MauiAppWebview.csproj", "{0707D996-0E92-4AB6-BF34-1D0868D2D73F}"
EndProject
Global
	GlobalSection(SolutionConfigurationPlatforms) = preSolution
		Debug|Any CPU = Debug|Any CPU
		Release|Any CPU = Release|Any CPU
	EndGlobalSection
	GlobalSection(ProjectConfigurationPlatforms) = postSolution
		{0707D996-0E92-4AB6-BF34-1D0868D2D73F}.Debug|Any CPU.ActiveCfg = Debug|Any CPU
		{0707D996-0E92-4AB6-BF34-1D0868D2D73F}.Debug|Any CPU.Build.0 = Debug|Any CPU
		{0707D996-0E92-4AB6-BF34-1D0868D2D73F}.Debug|Any CPU.Deploy.0 = Debug|Any CPU
		{0707D996-0E92-4AB6-BF34-1D0868D2D73F}.Release|Any CPU.ActiveCfg = Release|Any CPU
		{0707D996-0E92-4AB6-BF34-1D0868D2D73F}.Release|Any CPU.Build.0 = Release|Any CPU
		{0707D996-0E92-4AB6-BF34-1D0868D2D73F}.Release|Any CPU.Deploy.0 = Release|Any CPU
	EndGlobalSection
	GlobalSection(SolutionProperties) = preSolution
		HideSolutionNode = FALSE
	EndGlobalSection
	GlobalSection(ExtensibilityGlobals) = postSolution
		SolutionGuid = {DC88B009-2D05-453F-9988-6EDE62E9058F}
	EndGlobalSection
EndGlobal
